// !$*UTF8*$!
{
	archiveVersion = 1;
	classes = {
	};
	objectVersion = 77;
	objects = {

/* Begin PBXBuildFile section */
		D8CD62AC2CB47A5400459422 /* WidgetKit.framework in Frameworks */ = {isa = PBXBuildFile; fileRef = D8CD62AB2CB47A5400459422 /* WidgetKit.framework */; };
		D8CD62AE2CB47A5400459422 /* SwiftUI.framework in Frameworks */ = {isa = PBXBuildFile; fileRef = D8CD62AD2CB47A5400459422 /* SwiftUI.framework */; };
		D8CD62B92CB47A5600459422 /* ToDoWidgetExtension.appex in Embed Foundation Extensions */ = {isa = PBXBuildFile; fileRef = D8CD62A92CB47A5400459422 /* ToDoWidgetExtension.appex */; settings = {ATTRIBUTES = (RemoveHeadersOnCopy, ); }; };
/* End PBXBuildFile section */

/* Begin PBXContainerItemProxy section */
		D8CD62B72CB47A5600459422 /* PBXContainerItemProxy */ = {
			isa = PBXContainerItemProxy;
			containerPortal = D8CD628C2CB479FF00459422 /* Project object */;
			proxyType = 1;
			remoteGlobalIDString = D8CD62A82CB47A5400459422;
			remoteInfo = ToDoWidgetExtension;
		};
/* End PBXContainerItemProxy section */

/* Begin PBXCopyFilesBuildPhase section */
		D8CD62BE2CB47A5600459422 /* Embed Foundation Extensions */ = {
			isa = PBXCopyFilesBuildPhase;
			buildActionMask = 2147483647;
			dstPath = "";
			dstSubfolderSpec = 13;
			files = (
				D8CD62B92CB47A5600459422 /* ToDoWidgetExtension.appex in Embed Foundation Extensions */,
			);
			name = "Embed Foundation Extensions";
			runOnlyForDeploymentPostprocessing = 0;
		};
/* End PBXCopyFilesBuildPhase section */

/* Begin PBXFileReference section */
		D8CD62942CB479FF00459422 /* InteractiveWidgetKit.app */ = {isa = PBXFileReference; explicitFileType = wrapper.application; includeInIndex = 0; path = InteractiveWidgetKit.app; sourceTree = BUILT_PRODUCTS_DIR; };
		D8CD62A92CB47A5400459422 /* ToDoWidgetExtension.appex */ = {isa = PBXFileReference; explicitFileType = "wrapper.app-extension"; includeInIndex = 0; path = ToDoWidgetExtension.appex; sourceTree = BUILT_PRODUCTS_DIR; };
		D8CD62AB2CB47A5400459422 /* WidgetKit.framework */ = {isa = PBXFileReference; lastKnownFileType = wrapper.framework; name = WidgetKit.framework; path = System/Library/Frameworks/WidgetKit.framework; sourceTree = SDKROOT; };
		D8CD62AD2CB47A5400459422 /* SwiftUI.framework */ = {isa = PBXFileReference; lastKnownFileType = wrapper.framework; name = SwiftUI.framework; path = System/Library/Frameworks/SwiftUI.framework; sourceTree = SDKROOT; };
/* End PBXFileReference section */

/* Begin PBXFileSystemSynchronizedBuildFileExceptionSet section */
		D8CD62BA2CB47A5600459422 /* Exceptions for "ToDoWidget" folder in "ToDoWidgetExtension" target */ = {
			isa = PBXFileSystemSynchronizedBuildFileExceptionSet;
			membershipExceptions = (
				Info.plist,
			);
			target = D8CD62A82CB47A5400459422 /* ToDoWidgetExtension */;
		};
		D8CD62D72CB47F3800459422 /* Exceptions for "InteractiveWidgetKit" folder in "ToDoWidgetExtension" target */ = {
			isa = PBXFileSystemSynchronizedBuildFileExceptionSet;
			membershipExceptions = (
				ToDo.swift,
			);
			target = D8CD62A82CB47A5400459422 /* ToDoWidgetExtension */;
		};
		D8CD62DD2CB4891A00459422 /* Exceptions for "ToDoWidget" folder in "InteractiveWidgetKit" target */ = {
			isa = PBXFileSystemSynchronizedBuildFileExceptionSet;
			membershipExceptions = (
				CompleteToDoIntent.swift,
			);
			target = D8CD62932CB479FF00459422 /* InteractiveWidgetKit */;
		};
/* End PBXFileSystemSynchronizedBuildFileExceptionSet section */

/* Begin PBXFileSystemSynchronizedRootGroup section */
		D8CD62962CB479FF00459422 /* InteractiveWidgetKit */ = {
			isa = PBXFileSystemSynchronizedRootGroup;
			exceptions = (
				D8CD62D72CB47F3800459422 /* Exceptions for "InteractiveWidgetKit" folder in "ToDoWidgetExtension" target */,
			);
			path = InteractiveWidgetKit;
			sourceTree = "<group>";
		};
		D8CD62AF2CB47A5400459422 /* ToDoWidget */ = {
			isa = PBXFileSystemSynchronizedRootGroup;
			exceptions = (
				D8CD62DD2CB4891A00459422 /* Exceptions for "ToDoWidget" folder in "InteractiveWidgetKit" target */,
				D8CD62BA2CB47A5600459422 /* Exceptions for "ToDoWidget" folder in "ToDoWidgetExtension" target */,
			);
			path = ToDoWidget;
			sourceTree = "<group>";
		};
/* End PBXFileSystemSynchronizedRootGroup section */

/* Begin PBXFrameworksBuildPhase section */
		D8CD62912CB479FF00459422 /* Frameworks */ = {
			isa = PBXFrameworksBuildPhase;
			buildActionMask = 2147483647;
			files = (
			);
			runOnlyForDeploymentPostprocessing = 0;
		};
		D8CD62A62CB47A5400459422 /* Frameworks */ = {
			isa = PBXFrameworksBuildPhase;
			buildActionMask = 2147483647;
			files = (
				D8CD62AE2CB47A5400459422 /* SwiftUI.framework in Frameworks */,
				D8CD62AC2CB47A5400459422 /* WidgetKit.framework in Frameworks */,
			);
			runOnlyForDeploymentPostprocessing = 0;
		};
/* End PBXFrameworksBuildPhase section */

/* Begin PBXGroup section */
		D8CD628B2CB479FF00459422 = {
			isa = PBXGroup;
			children = (
				D8CD62962CB479FF00459422 /* InteractiveWidgetKit */,
				D8CD62AF2CB47A5400459422 /* ToDoWidget */,
				D8CD62AA2CB47A5400459422 /* Frameworks */,
				D8CD62952CB479FF00459422 /* Products */,
			);
			sourceTree = "<group>";
		};
		D8CD62952CB479FF00459422 /* Products */ = {
			isa = PBXGroup;
			children = (
				D8CD62942CB479FF00459422 /* InteractiveWidgetKit.app */,
				D8CD62A92CB47A5400459422 /* ToDoWidgetExtension.appex */,
			);
			name = Products;
			sourceTree = "<group>";
		};
		D8CD62AA2CB47A5400459422 /* Frameworks */ = {
			isa = PBXGroup;
			children = (
				D8CD62AB2CB47A5400459422 /* WidgetKit.framework */,
				D8CD62AD2CB47A5400459422 /* SwiftUI.framework */,
			);
			name = Frameworks;
			sourceTree = "<group>";
		};
/* End PBXGroup section */

/* Begin PBXNativeTarget section */
		D8CD62932CB479FF00459422 /* InteractiveWidgetKit */ = {
			isa = PBXNativeTarget;
			buildConfigurationList = D8CD62A22CB47A0100459422 /* Build configuration list for PBXNativeTarget "InteractiveWidgetKit" */;
			buildPhases = (
				D8CD62902CB479FF00459422 /* Sources */,
				D8CD62912CB479FF00459422 /* Frameworks */,
				D8CD62922CB479FF00459422 /* Resources */,
				D8CD62BE2CB47A5600459422 /* Embed Foundation Extensions */,
			);
			buildRules = (
			);
			dependencies = (
				D8CD62B82CB47A5600459422 /* PBXTargetDependency */,
			);
			fileSystemSynchronizedGroups = (
				D8CD62962CB479FF00459422 /* InteractiveWidgetKit */,
			);
			name = InteractiveWidgetKit;
			packageProductDependencies = (
			);
			productName = InteractiveWidgetKit;
			productReference = D8CD62942CB479FF00459422 /* InteractiveWidgetKit.app */;
			productType = "com.apple.product-type.application";
		};
		D8CD62A82CB47A5400459422 /* ToDoWidgetExtension */ = {
			isa = PBXNativeTarget;
			buildConfigurationList = D8CD62BB2CB47A5600459422 /* Build configuration list for PBXNativeTarget "ToDoWidgetExtension" */;
			buildPhases = (
				D8CD62A52CB47A5400459422 /* Sources */,
				D8CD62A62CB47A5400459422 /* Frameworks */,
				D8CD62A72CB47A5400459422 /* Resources */,
			);
			buildRules = (
			);
			dependencies = (
			);
			fileSystemSynchronizedGroups = (
				D8CD62AF2CB47A5400459422 /* ToDoWidget */,
			);
			name = ToDoWidgetExtension;
			packageProductDependencies = (
			);
			productName = ToDoWidgetExtension;
			productReference = D8CD62A92CB47A5400459422 /* ToDoWidgetExtension.appex */;
			productType = "com.apple.product-type.app-extension";
		};
/* End PBXNativeTarget section */

/* Begin PBXProject section */
		D8CD628C2CB479FF00459422 /* Project object */ = {
			isa = PBXProject;
			attributes = {
				BuildIndependentTargetsInParallel = 1;
				LastSwiftUpdateCheck = 1600;
				LastUpgradeCheck = 1600;
				TargetAttributes = {
					D8CD62932CB479FF00459422 = {
						CreatedOnToolsVersion = 16.0;
					};
					D8CD62A82CB47A5400459422 = {
						CreatedOnToolsVersion = 16.0;
					};
				};
			};
			buildConfigurationList = D8CD628F2CB479FF00459422 /* Build configuration list for PBXProject "InteractiveWidgetKit" */;
			developmentRegion = en;
			hasScannedForEncodings = 0;
			knownRegions = (
				en,
				Base,
			);
			mainGroup = D8CD628B2CB479FF00459422;
			minimizedProjectReferenceProxies = 1;
			preferredProjectObjectVersion = 77;
			productRefGroup = D8CD62952CB479FF00459422 /* Products */;
			projectDirPath = "";
			projectRoot = "";
			targets = (
				D8CD62932CB479FF00459422 /* InteractiveWidgetKit */,
				D8CD62A82CB47A5400459422 /* ToDoWidgetExtension */,
			);
		};
/* End PBXProject section */

/* Begin PBXResourcesBuildPhase section */
		D8CD62922CB479FF00459422 /* Resources */ = {
			isa = PBXResourcesBuildPhase;
			buildActionMask = 2147483647;
			files = (
			);
			runOnlyForDeploymentPostprocessing = 0;
		};
		D8CD62A72CB47A5400459422 /* Resources */ = {
			isa = PBXResourcesBuildPhase;
			buildActionMask = 2147483647;
			files = (
			);
			runOnlyForDeploymentPostprocessing = 0;
		};
/* End PBXResourcesBuildPhase section */

/* Begin PBXSourcesBuildPhase section */
		D8CD62902CB479FF00459422 /* Sources */ = {
			isa = PBXSourcesBuildPhase;
			buildActionMask = 2147483647;
			files = (
			);
			runOnlyForDeploymentPostprocessing = 0;
		};
		D8CD62A52CB47A5400459422 /* Sources */ = {
			isa = PBXSourcesBuildPhase;
			buildActionMask = 2147483647;
			files = (
			);
			runOnlyForDeploymentPostprocessing = 0;
		};
/* End PBXSourcesBuildPhase section */

/* Begin PBXTargetDependency section */
		D8CD62B82CB47A5600459422 /* PBXTargetDependency */ = {
			isa = PBXTargetDependency;
			target = D8CD62A82CB47A5400459422 /* ToDoWidgetExtension */;
			targetProxy = D8CD62B72CB47A5600459422 /* PBXContainerItemProxy */;
		};
/* End PBXTargetDependency section */

/* Begin XCBuildConfiguration section */
		D8CD62A02CB47A0100459422 /* Debug */ = {
			isa = XCBuildConfiguration;
			buildSettings = {
				ALWAYS_SEARCH_USER_PATHS = NO;
				ASSETCATALOG_COMPILER_GENERATE_SWIFT_ASSET_SYMBOL_EXTENSIONS = YES;
				CLANG_ANALYZER_NONNULL = YES;
				CLANG_ANALYZER_NUMBER_OBJECT_CONVERSION = YES_AGGRESSIVE;
				CLANG_CXX_LANGUAGE_STANDARD = "gnu++20";
				CLANG_ENABLE_MODULES = YES;
				CLANG_ENABLE_OBJC_ARC = YES;
				CLANG_ENABLE_OBJC_WEAK = YES;
				CLANG_WARN_BLOCK_CAPTURE_AUTORELEASING = YES;
				CLANG_WARN_BOOL_CONVERSION = YES;
				CLANG_WARN_COMMA = YES;
				CLANG_WARN_CONSTANT_CONVERSION = YES;
				CLANG_WARN_DEPRECATED_OBJC_IMPLEMENTATIONS = YES;
				CLANG_WARN_DIRECT_OBJC_ISA_USAGE = YES_ERROR;
				CLANG_WARN_DOCUMENTATION_COMMENTS = YES;
				CLANG_WARN_EMPTY_BODY = YES;
				CLANG_WARN_ENUM_CONVERSION = YES;
				CLANG_WARN_INFINITE_RECURSION = YES;
				CLANG_WARN_INT_CONVERSION = YES;
				CLANG_WARN_NON_LITERAL_NULL_CONVERSION = YES;
				CLANG_WARN_OBJC_IMPLICIT_RETAIN_SELF = YES;
				CLANG_WARN_OBJC_LITERAL_CONVERSION = YES;
				CLANG_WARN_OBJC_ROOT_CLASS = YES_ERROR;
				CLANG_WARN_QUOTED_INCLUDE_IN_FRAMEWORK_HEADER = YES;
				CLANG_WARN_RANGE_LOOP_ANALYSIS = YES;
				CLANG_WARN_STRICT_PROTOTYPES = YES;
				CLANG_WARN_SUSPICIOUS_MOVE = YES;
				CLANG_WARN_UNGUARDED_AVAILABILITY = YES_AGGRESSIVE;
				CLANG_WARN_UNREACHABLE_CODE = YES;
				CLANG_WARN__DUPLICATE_METHOD_MATCH = YES;
				COPY_PHASE_STRIP = NO;
				DEBUG_INFORMATION_FORMAT = dwarf;
				ENABLE_STRICT_OBJC_MSGSEND = YES;
				ENABLE_TESTABILITY = YES;
				ENABLE_USER_SCRIPT_SANDBOXING = YES;
				GCC_C_LANGUAGE_STANDARD = gnu17;
				GCC_DYNAMIC_NO_PIC = NO;
				GCC_NO_COMMON_BLOCKS = YES;
				GCC_OPTIMIZATION_LEVEL = 0;
				GCC_PREPROCESSOR_DEFINITIONS = (
					"DEBUG=1",
					"$(inherited)",
				);
				GCC_WARN_64_TO_32_BIT_CONVERSION = YES;
				GCC_WARN_ABOUT_RETURN_TYPE = YES_ERROR;
				GCC_WARN_UNDECLARED_SELECTOR = YES;
				GCC_WARN_UNINITIALIZED_AUTOS = YES_AGGRESSIVE;
				GCC_WARN_UNUSED_FUNCTION = YES;
				GCC_WARN_UNUSED_VARIABLE = YES;
				IPHONEOS_DEPLOYMENT_TARGET = 18.0;
				LOCALIZATION_PREFERS_STRING_CATALOGS = YES;
				MTL_ENABLE_DEBUG_INFO = INCLUDE_SOURCE;
				MTL_FAST_MATH = YES;
				ONLY_ACTIVE_ARCH = YES;
				SDKROOT = iphoneos;
				SWIFT_ACTIVE_COMPILATION_CONDITIONS = "DEBUG $(inherited)";
				SWIFT_OPTIMIZATION_LEVEL = "-Onone";
			};
			name = Debug;
		};
		D8CD62A12CB47A0100459422 /* Release */ = {
			isa = XCBuildConfiguration;
			buildSettings = {
				ALWAYS_SEARCH_USER_PATHS = NO;
				ASSETCATALOG_COMPILER_GENERATE_SWIFT_ASSET_SYMBOL_EXTENSIONS = YES;
				CLANG_ANALYZER_NONNULL = YES;
				CLANG_ANALYZER_NUMBER_OBJECT_CONVERSION = YES_AGGRESSIVE;
				CLANG_CXX_LANGUAGE_STANDARD = "gnu++20";
				CLANG_ENABLE_MODULES = YES;
				CLANG_ENABLE_OBJC_ARC = YES;
				CLANG_ENABLE_OBJC_WEAK = YES;
				CLANG_WARN_BLOCK_CAPTURE_AUTORELEASING = YES;
				CLANG_WARN_BOOL_CONVERSION = YES;
				CLANG_WARN_COMMA = YES;
				CLANG_WARN_CONSTANT_CONVERSION = YES;
				CLANG_WARN_DEPRECATED_OBJC_IMPLEMENTATIONS = YES;
				CLANG_WARN_DIRECT_OBJC_ISA_USAGE = YES_ERROR;
				CLANG_WARN_DOCUMENTATION_COMMENTS = YES;
				CLANG_WARN_EMPTY_BODY = YES;
				CLANG_WARN_ENUM_CONVERSION = YES;
				CLANG_WARN_INFINITE_RECURSION = YES;
				CLANG_WARN_INT_CONVERSION = YES;
				CLANG_WARN_NON_LITERAL_NULL_CONVERSION = YES;
				CLANG_WARN_OBJC_IMPLICIT_RETAIN_SELF = YES;
				CLANG_WARN_OBJC_LITERAL_CONVERSION = YES;
				CLANG_WARN_OBJC_ROOT_CLASS = YES_ERROR;
				CLANG_WARN_QUOTED_INCLUDE_IN_FRAMEWORK_HEADER = YES;
				CLANG_WARN_RANGE_LOOP_ANALYSIS = YES;
				CLANG_WARN_STRICT_PROTOTYPES = YES;
				CLANG_WARN_SUSPICIOUS_MOVE = YES;
				CLANG_WARN_UNGUARDED_AVAILABILITY = YES_AGGRESSIVE;
				CLANG_WARN_UNREACHABLE_CODE = YES;
				CLANG_WARN__DUPLICATE_METHOD_MATCH = YES;
				COPY_PHASE_STRIP = NO;
				DEBUG_INFORMATION_FORMAT = "dwarf-with-dsym";
				ENABLE_NS_ASSERTIONS = NO;
				ENABLE_STRICT_OBJC_MSGSEND = YES;
				ENABLE_USER_SCRIPT_SANDBOXING = YES;
				GCC_C_LANGUAGE_STANDARD = gnu17;
				GCC_NO_COMMON_BLOCKS = YES;
				GCC_WARN_64_TO_32_BIT_CONVERSION = YES;
				GCC_WARN_ABOUT_RETURN_TYPE = YES_ERROR;
				GCC_WARN_UNDECLARED_SELECTOR = YES;
				GCC_WARN_UNINITIALIZED_AUTOS = YES_AGGRESSIVE;
				GCC_WARN_UNUSED_FUNCTION = YES;
				GCC_WARN_UNUSED_VARIABLE = YES;
				IPHONEOS_DEPLOYMENT_TARGET = 18.0;
				LOCALIZATION_PREFERS_STRING_CATALOGS = YES;
				MTL_ENABLE_DEBUG_INFO = NO;
				MTL_FAST_MATH = YES;
				SDKROOT = iphoneos;
				SWIFT_COMPILATION_MODE = wholemodule;
				VALIDATE_PRODUCT = YES;
			};
			name = Release;
		};
		D8CD62A32CB47A0100459422 /* Debug */ = {
			isa = XCBuildConfiguration;
			buildSettings = {
				ASSETCATALOG_COMPILER_APPICON_NAME = AppIcon;
				ASSETCATALOG_COMPILER_GLOBAL_ACCENT_COLOR_NAME = AccentColor;
				CODE_SIGN_STYLE = Automatic;
				CURRENT_PROJECT_VERSION = 1;
				DEVELOPMENT_ASSET_PATHS = "\"InteractiveWidgetKit/Preview Content\"";
				DEVELOPMENT_TEAM = YM4BUS8N7P;
				ENABLE_PREVIEWS = YES;
				GENERATE_INFOPLIST_FILE = YES;
				INFOPLIST_KEY_UIApplicationSceneManifest_Generation = YES;
				INFOPLIST_KEY_UIApplicationSupportsIndirectInputEvents = YES;
				INFOPLIST_KEY_UILaunchScreen_Generation = YES;
				INFOPLIST_KEY_UISupportedInterfaceOrientations_iPad = "UIInterfaceOrientationPortrait UIInterfaceOrientationPortraitUpsideDown UIInterfaceOrientationLandscapeLeft UIInterfaceOrientationLandscapeRight";
				INFOPLIST_KEY_UISupportedInterfaceOrientations_iPhone = "UIInterfaceOrientationPortrait UIInterfaceOrientationLandscapeLeft UIInterfaceOrientationLandscapeRight";
				LD_RUNPATH_SEARCH_PATHS = (
					"$(inherited)",
					"@executable_path/Frameworks",
				);
				MARKETING_VERSION = 1.0;
				PRODUCT_BUNDLE_IDENTIFIER = com.beyzanurtekerek.InteractiveWidgetKit;
				PRODUCT_NAME = "$(TARGET_NAME)";
				SWIFT_EMIT_LOC_STRINGS = YES;
				SWIFT_VERSION = 5.0;
				TARGETED_DEVICE_FAMILY = "1,2";
			};
			name = Debug;
		};
		D8CD62A42CB47A0100459422 /* Release */ = {
			isa = XCBuildConfiguration;
			buildSettings = {
				ASSETCATALOG_COMPILER_APPICON_NAME = AppIcon;
				ASSETCATALOG_COMPILER_GLOBAL_ACCENT_COLOR_NAME = AccentColor;
				CODE_SIGN_STYLE = Automatic;
				CURRENT_PROJECT_VERSION = 1;
				DEVELOPMENT_ASSET_PATHS = "\"InteractiveWidgetKit/Preview Content\"";
				DEVELOPMENT_TEAM = YM4BUS8N7P;
				ENABLE_PREVIEWS = YES;
				GENERATE_INFOPLIST_FILE = YES;
				INFOPLIST_KEY_UIApplicationSceneManifest_Generation = YES;
				INFOPLIST_KEY_UIApplicationSupportsIndirectInputEvents = YES;
				INFOPLIST_KEY_UILaunchScreen_Generation = YES;
				INFOPLIST_KEY_UISupportedInterfaceOrientations_iPad = "UIInterfaceOrientationPortrait UIInterfaceOrientationPortraitUpsideDown UIInterfaceOrientationLandscapeLeft UIInterfaceOrientationLandscapeRight";
				INFOPLIST_KEY_UISupportedInterfaceOrientations_iPhone = "UIInterfaceOrientationPortrait UIInterfaceOrientationLandscapeLeft UIInterfaceOrientationLandscapeRight";
				LD_RUNPATH_SEARCH_PATHS = (
					"$(inherited)",
					"@executable_path/Frameworks",
				);
				MARKETING_VERSION = 1.0;
				PRODUCT_BUNDLE_IDENTIFIER = com.beyzanurtekerek.InteractiveWidgetKit;
				PRODUCT_NAME = "$(TARGET_NAME)";
				SWIFT_EMIT_LOC_STRINGS = YES;
				SWIFT_VERSION = 5.0;
				TARGETED_DEVICE_FAMILY = "1,2";
			};
			name = Release;
		};
		D8CD62BC2CB47A5600459422 /* Debug */ = {
			isa = XCBuildConfiguration;
			buildSettings = {
				ASSETCATALOG_COMPILER_GLOBAL_ACCENT_COLOR_NAME = AccentColor;
				ASSETCATALOG_COMPILER_WIDGET_BACKGROUND_COLOR_NAME = WidgetBackground;
				CODE_SIGN_STYLE = Automatic;
				CURRENT_PROJECT_VERSION = 1;
				DEVELOPMENT_TEAM = YM4BUS8N7P;
				GENERATE_INFOPLIST_FILE = YES;
				INFOPLIST_FILE = ToDoWidget/Info.plist;
				INFOPLIST_KEY_CFBundleDisplayName = ToDoWidget;
				INFOPLIST_KEY_NSHumanReadableCopyright = "";
				LD_RUNPATH_SEARCH_PATHS = (
					"$(inherited)",
					"@executable_path/Frameworks",
					"@executable_path/../../Frameworks",
				);
				MARKETING_VERSION = 1.0;
				PRODUCT_BUNDLE_IDENTIFIER = com.beyzanurtekerek.InteractiveWidgetKit.ToDoWidget;
				PRODUCT_NAME = "$(TARGET_NAME)";
				SKIP_INSTALL = YES;
				SWIFT_EMIT_LOC_STRINGS = YES;
				SWIFT_VERSION = 5.0;
				TARGETED_DEVICE_FAMILY = "1,2";
			};
			name = Debug;
		};
		D8CD62BD2CB47A5600459422 /* Release */ = {
			isa = XCBuildConfiguration;
			buildSettings = {
				ASSETCATALOG_COMPILER_GLOBAL_ACCENT_COLOR_NAME = AccentColor;
				ASSETCATALOG_COMPILER_WIDGET_BACKGROUND_COLOR_NAME = WidgetBackground;
				CODE_SIGN_STYLE = Automatic;
				CURRENT_PROJECT_VERSION = 1;
				DEVELOPMENT_TEAM = YM4BUS8N7P;
				GENERATE_INFOPLIST_FILE = YES;
				INFOPLIST_FILE = ToDoWidget/Info.plist;
				INFOPLIST_KEY_CFBundleDisplayName = ToDoWidget;
				INFOPLIST_KEY_NSHumanReadableCopyright = "";
				LD_RUNPATH_SEARCH_PATHS = (
					"$(inherited)",
					"@executable_path/Frameworks",
					"@executable_path/../../Frameworks",
				);
				MARKETING_VERSION = 1.0;
				PRODUCT_BUNDLE_IDENTIFIER = com.beyzanurtekerek.InteractiveWidgetKit.ToDoWidget;
				PRODUCT_NAME = "$(TARGET_NAME)";
				SKIP_INSTALL = YES;
				SWIFT_EMIT_LOC_STRINGS = YES;
				SWIFT_VERSION = 5.0;
				TARGETED_DEVICE_FAMILY = "1,2";
			};
			name = Release;
		};
/* End XCBuildConfiguration section */

/* Begin XCConfigurationList section */
		D8CD628F2CB479FF00459422 /* Build configuration list for PBXProject "InteractiveWidgetKit" */ = {
			isa = XCConfigurationList;
			buildConfigurations = (
				D8CD62A02CB47A0100459422 /* Debug */,
				D8CD62A12CB47A0100459422 /* Release */,
			);
			defaultConfigurationIsVisible = 0;
			defaultConfigurationName = Release;
		};
		D8CD62A22CB47A0100459422 /* Build configuration list for PBXNativeTarget "InteractiveWidgetKit" */ = {
			isa = XCConfigurationList;
			buildConfigurations = (
				D8CD62A32CB47A0100459422 /* Debug */,
				D8CD62A42CB47A0100459422 /* Release */,
			);
			defaultConfigurationIsVisible = 0;
			defaultConfigurationName = Release;
		};
		D8CD62BB2CB47A5600459422 /* Build configuration list for PBXNativeTarget "ToDoWidgetExtension" */ = {
			isa = XCConfigurationList;
			buildConfigurations = (
				D8CD62BC2CB47A5600459422 /* Debug */,
				D8CD62BD2CB47A5600459422 /* Release */,
			);
			defaultConfigurationIsVisible = 0;
			defaultConfigurationName = Release;
		};
/* End XCConfigurationList section */
	};
	rootObject = D8CD628C2CB479FF00459422 /* Project object */;
}
